
Microsoft Visual Studio Solution File, Format Version 12.00
# Visual Studio Version 16
VisualStudioVersion = 16.0.31025.194
MinimumVisualStudioVersion = 10.0.40219.1
Project("{2150E333-8FDC-42A3-9474-1A3956D46DE8}") = "src", "src", "{AAEE69F8-3212-4512-B8F8-FE12134C5E67}"
EndProject
Project("{2150E333-8FDC-42A3-9474-1A3956D46DE8}") = "RestApi", "RestApi", "{FACE6026-9714-42A7-A95E-F841642AA130}"
EndProject
Project("{FAE04EC0-301F-11D3-BF4B-00C04F79EFBC}") = "BinanceApiGateway.WebApi", "BinanceApiGateway.WebApi\BinanceApiGateway.WebApi.csproj", "{D0CD46B2-1BCB-458A-B671-611A84D6D615}"
EndProject
Global
	GlobalSection(SolutionConfigurationPlatforms) = preSolution
		Debug|Any CPU = Debug|Any CPU
		Release|Any CPU = Release|Any CPU
	EndGlobalSection
	GlobalSection(ProjectConfigurationPlatforms) = postSolution
		{D0CD46B2-1BCB-458A-B671-611A84D6D615}.Debug|Any CPU.ActiveCfg = Debug|Any CPU
		{D0CD46B2-1BCB-458A-B671-611A84D6D615}.Debug|Any CPU.Build.0 = Debug|Any CPU
		{D0CD46B2-1BCB-458A-B671-611A84D6D615}.Release|Any CPU.ActiveCfg = Release|Any CPU
		{D0CD46B2-1BCB-458A-B671-611A84D6D615}.Release|Any CPU.Build.0 = Release|Any CPU
	EndGlobalSection
	GlobalSection(SolutionProperties) = preSolution
		HideSolutionNode = FALSE
	EndGlobalSection
	GlobalSection(NestedProjects) = preSolution
		{FACE6026-9714-42A7-A95E-F841642AA130} = {AAEE69F8-3212-4512-B8F8-FE12134C5E67}
		{D0CD46B2-1BCB-458A-B671-611A84D6D615} = {FACE6026-9714-42A7-A95E-F841642AA130}
	EndGlobalSection
	GlobalSection(ExtensibilityGlobals) = postSolution
		SolutionGuid = {1BD12200-4442-4830-84E1-BC3C7EF2AD71}
	EndGlobalSection
EndGlobal
